<?xml version="1.0" encoding="UTF-8" standalone="yes" ?>
<CodeBlocks_project_file>
	<FileVersion major="1" minor="6" />
	<Project>
		<Option title="elf2e32_next" />
		<Option pch_mode="2" />
		<Option compiler="gcc" />
		<Build>
			<Target title="Debug">
				<Option output="bin/Debug/elf2e32_next" prefix_auto="1" extension_auto="1" />
				<Option object_output="obj/Debug/" />
				<Option type="1" />
				<Option compiler="gcc" />
				<Option parameters="--e32input=tests\libcrypto-2.4.5.SDK.dll" />
				<Compiler>
					<Add option="-std=c++14" />
					<Add option="-pg" />
					<Add option="-g" />
					<Add option="-D_DEBUG" />
				</Compiler>
				<Linker>
					<Add option="-pg -lgmon" />
				</Linker>
			</Target>
			<Target title="Release">
				<Option output="bin/Release/elf2e32_next" prefix_auto="1" extension_auto="1" />
				<Option object_output="obj/Release/" />
				<Option type="1" />
				<Option compiler="gcc" />
				<Option parameters="--e32input=tests\libcrypto-2.4.5.SDK.dll" />
				<Compiler>
					<Add option="-O2" />
				</Compiler>
				<Linker>
					<Add option="-s" />
				</Linker>
			</Target>
		</Build>
		<Compiler>
			<Add option="-Wall" />
			<Add option="-fexceptions" />
			<Add directory="include" />
			<Add directory="src" />
			<Add directory="lib/elf" />
			<Add directory="lib/e32" />
		</Compiler>
		<Unit filename="include/e32common.h" />
		<Unit filename="include/elf2e32_opt.hpp" />
		<Unit filename="include/elf2e32_version.hpp" />
		<Unit filename="include/task.hpp" />
		<Unit filename="lib/e32/E32Target.h" />
		<Unit filename="lib/e32/e32capability.h" />
		<Unit filename="lib/e32/e32imagecompressor.cpp" />
		<Unit filename="lib/e32/e32imagecompressor.h" />
		<Unit filename="lib/e32/e32importsprocessor.cpp" />
		<Unit filename="lib/e32/e32importsprocessor.hpp" />
		<Unit filename="lib/e32/e32parser.cpp" />
		<Unit filename="lib/e32/e32parser.h" />
		<Unit filename="lib/e32/e32target.cpp" />
		<Unit filename="lib/elf/elfdefs.h" />
		<Unit filename="lib/getopt/getopt.c">
			<Option compilerVar="CC" />
		</Unit>
		<Unit filename="lib/getopt/getopt.h" />
		<Unit filename="src/argparser.cpp" />
		<Unit filename="src/argparser.h" />
		<Unit filename="src/common.cpp" />
		<Unit filename="src/common.hpp" />
		<Unit filename="src/deffile.cpp" />
		<Unit filename="src/deffile.h" />
		<Unit filename="src/e32info.cpp" />
		<Unit filename="src/e32info.h" />
		<Unit filename="src/elf2e32.cpp" />
		<Unit filename="src/elf2e32.h" />
		<Unit filename="src/elf2e32error.cpp" />
		<Unit filename="src/elf2e32error.h" />
		<Unit filename="src/logger.cpp" />
		<Unit filename="src/logger.h" />
		<Unit filename="src/main.cpp" />
		<Unit filename="src/symbol.cpp" />
		<Unit filename="src/symbol.h" />
		<Extensions>
			<code_completion />
			<envvars />
			<debugger />
			<lib_finder disable_auto="1" />
		</Extensions>
	</Project>
</CodeBlocks_project_file>
