<?xml version="1.0" encoding="UTF-8" standalone="yes" ?>
<CodeBlocks_project_file>
	<FileVersion major="1" minor="6" />
	<Project>
		<Option title="elf2e32_next" />
		<Option pch_mode="2" />
		<Option compiler="gcc" />
		<Build>
			<Target title="Debug">
				<Option output="bin/Debug/elf2e32" prefix_auto="1" extension_auto="1" />
				<Option object_output="obj/Debug/" />
				<Option type="1" />
				<Option compiler="gcc" />
				<Option parameters='--sid=0xe8181dba --version=10.0 --uid1=0x1000007a --uid2=0x00000000 --uid3=0xe8181dba --capability=none --fpu=softvfp --targettype=EXE --output=cmd_teste32.exe --elfinput=&quot;tests\Neverhoode.exe.elf&quot; --linkas=cmd_test{000a0000}[e8181dba].exe --libpath=\Symbian\S60_5th_Edition_SDK_v1.0\epoc32\release\armv5\LIB --force' />
				<Compiler>
					<Add option="-O3" />
					<Add option="-Winit-self" />
					<Add option="-Wzero-as-null-pointer-constant" />
					<Add option="-std=c++14" />
					<Add option="-g -O0" />
					<Add option="-g -fno-omit-frame-pointer -ggdb -femit-class-debug-always -D_FORTIFY_SOURCE=2" />
					<Add option="-D_DEBUG" />
					<Add directory="lib/e32" />
					<Add directory="src" />
					<Add directory="lib/elf" />
				</Compiler>
			</Target>
			<Target title="Release">
				<Option output="bin/Release/elf2e32" prefix_auto="1" extension_auto="1" />
				<Option object_output="obj/Release/" />
				<Option type="1" />
				<Option compiler="gcc" />
				<Option parameters="--elfinput=Neverhoode.exe --output=Neverhood.exe" />
				<Compiler>
					<Add option="-O2" />
					<Add directory="lib/e32" />
					<Add directory="src" />
					<Add directory="lib/elf" />
				</Compiler>
				<Linker>
					<Add option="-s" />
				</Linker>
			</Target>
		</Build>
		<Compiler>
			<Add option="-Wall" />
			<Add option="-fexceptions -fpermissive" />
			<Add option="-D_DEBUG" />
			<Add directory="include" />
			<Add directory="src" />
			<Add directory="lib/elf" />
			<Add directory="lib/e32" />
		</Compiler>
		<Unit filename="include/elf2e32_opt.hpp" />
		<Unit filename="include/elf2e32_version.hpp" />
		<Unit filename="include/task.hpp" />
		<Unit filename="lib/e32/bpe_manager.cpp" />
		<Unit filename="lib/e32/byte_pair.cpp" />
		<Unit filename="lib/e32/byte_pair.h" />
		<Unit filename="lib/e32/checksum.cpp" />
		<Unit filename="lib/e32/deflate_manger.cpp" />
		<Unit filename="lib/e32/deflatecompress.cpp" />
		<Unit filename="lib/e32/e32capability.h" />
		<Unit filename="lib/e32/e32common.h" />
		<Unit filename="lib/e32/e32compressor.h" />
		<Unit filename="lib/e32/e32importsprocessor.cpp" />
		<Unit filename="lib/e32/e32importsprocessor.hpp" />
		<Unit filename="lib/e32/e32parser.cpp" />
		<Unit filename="lib/e32/e32parser.h" />
		<Unit filename="lib/e32/e32validator.cpp" />
		<Unit filename="lib/e32/e32validator.h" />
		<Unit filename="lib/e32/farray.h" />
		<Unit filename="lib/e32/huffman.cpp" />
		<Unit filename="lib/e32/huffman.h" />
		<Unit filename="lib/e32/inflate.cpp" />
		<Unit filename="lib/e32/inflate.h" />
		<Unit filename="lib/e32/symbiantime.cpp" />
		<Unit filename="lib/e32/symbiantime.h" />
		<Unit filename="lib/elf/elf_hash.c">
			<Option compilerVar="CC" />
		</Unit>
		<Unit filename="lib/elf/elfdefs.h" />
		<Unit filename="lib/elf/elfparser.cpp" />
		<Unit filename="lib/elf/elfparser.h" />
		<Unit filename="lib/elf/staticlibsymbols.h" />
		<Unit filename="lib/getopt/getopt.c">
			<Option compilerVar="CC" />
		</Unit>
		<Unit filename="lib/getopt/getopt.h" />
		<Unit filename="src/argparser.cpp" />
		<Unit filename="src/argparser.h" />
		<Unit filename="src/artifactbuilder.cpp" />
		<Unit filename="src/artifactbuilder.h" />
		<Unit filename="src/cmdlineprocessor.cpp" />
		<Unit filename="src/cmdlineprocessor.h" />
		<Unit filename="src/common.cpp" />
		<Unit filename="src/common.hpp" />
		<Unit filename="src/deffile.cpp" />
		<Unit filename="src/deffile.h" />
		<Unit filename="src/dsofile.cpp" />
		<Unit filename="src/dsofile.h" />
		<Unit filename="src/e32file.cpp" />
		<Unit filename="src/e32file.h" />
		<Unit filename="src/e32flags.cpp" />
		<Unit filename="src/e32flags.h" />
		<Unit filename="src/e32header_section.cpp" />
		<Unit filename="src/e32header_section.h" />
		<Unit filename="src/e32info.cpp" />
		<Unit filename="src/e32info.h" />
		<Unit filename="src/e32rebuilder.cpp" />
		<Unit filename="src/e32rebuilder.h" />
		<Unit filename="src/elf2e32.cpp" />
		<Unit filename="src/elf2e32.h" />
		<Unit filename="src/exportbitmap_section.cpp" />
		<Unit filename="src/exportbitmap_section.h" />
		<Unit filename="src/import_section.cpp" />
		<Unit filename="src/import_section.h" />
		<Unit filename="src/logger.cpp" />
		<Unit filename="src/logger.h" />
		<Unit filename="src/main.cpp" />
		<Unit filename="src/relocsprocessor.cpp" />
		<Unit filename="src/relocsprocessor.h" />
		<Unit filename="src/symbol.cpp" />
		<Unit filename="src/symbol.h" />
		<Unit filename="src/symbollookup_section.cpp" />
		<Unit filename="src/symbollookup_section.h" />
		<Unit filename="src/symbolprocessor.cpp" />
		<Unit filename="src/symbolprocessor.h" />
		<Extensions>
			<code_completion />
			<envvars />
			<debugger />
			<lib_finder disable_auto="1" />
		</Extensions>
	</Project>
</CodeBlocks_project_file>
